{
  "name": "emccc",
  "version": "1.0.0",
  "lockfileVersion": 1,
  "requires": true,
  "dependencies": {
    "@tonaljs/chord": {
      "version": "3.5.1",
      "resolved": "https://registry.npmjs.org/@tonaljs/chord/-/chord-3.5.1.tgz",
      "integrity": "sha512-71jfhME+r8/W29nN7WzlpAiQzY2FLJ0LkbHgEiyoqE8RaAycBn5wigKfX7bGTSTkNejv+jicGd9psZ/cFNw8NA==",
      "requires": {
        "@tonaljs/chord-detect": "^3.5.1",
        "@tonaljs/chord-type": "^3.5.1",
        "@tonaljs/collection": "^3.5.0",
        "@tonaljs/core": "^3.5.0",
        "@tonaljs/pcset": "^3.5.0",
        "@tonaljs/scale-type": "^3.5.0"
      }
    },
    "@tonaljs/chord-detect": {
      "version": "3.5.1",
      "resolved": "https://registry.npmjs.org/@tonaljs/chord-detect/-/chord-detect-3.5.1.tgz",
      "integrity": "sha512-nHf6yrEE17nbKegste36OzI5qvhdwEXlXVmupTl3fXn37pe5Uv1aYwqeiG5thixGcN5Qs3eAX0+543Tlz9o5aQ==",
      "requires": {
        "@tonaljs/chord-type": "^3.5.1",
        "@tonaljs/core": "^3.5.0",
        "@tonaljs/pcset": "^3.5.0"
      }
    },
    "@tonaljs/chord-type": {
      "version": "3.5.1",
      "resolved": "https://registry.npmjs.org/@tonaljs/chord-type/-/chord-type-3.5.1.tgz",
      "integrity": "sha512-tngP0wpBYBbH2Sge8jRMALTodQKYHcIlAPdBP6E320SlhdsQGrnaU6k3ngewSC6Jtv4w159vc40QiKZ6usLNtA==",
      "requires": {
        "@tonaljs/core": "^3.5.0",
        "@tonaljs/pcset": "^3.5.0"
      }
    },
    "@tonaljs/collection": {
      "version": "3.5.0",
      "resolved": "https://registry.npmjs.org/@tonaljs/collection/-/collection-3.5.0.tgz",
      "integrity": "sha512-Y1p5IzKV43dkQR1fzbQU3I6KYP0o+H2Yo5klEbLp5hh5vZpa/NPHRYnJOxjdejL+C3Pl47oLc1UgK1HG7dwYUA=="
    },
    "@tonaljs/core": {
      "version": "3.5.0",
      "resolved": "https://registry.npmjs.org/@tonaljs/core/-/core-3.5.0.tgz",
      "integrity": "sha512-GVhtW3UDVS/mvC3bRp18BoQtUP+wmEROT0WHmCEBoyQQcYFDmtqkHDvSs065tq+1QuaMY77nxHXsC067oBivaQ=="
    },
    "@tonaljs/midi": {
      "version": "3.5.0",
      "resolved": "https://registry.npmjs.org/@tonaljs/midi/-/midi-3.5.0.tgz",
      "integrity": "sha512-9UUzlDYLwVOlo/GlAN8zzT3HAA/VqRFeE3DqZhpRRu2NYnVrnc3LOUzh28japBOoU0mDKLRk8FVhKriLfDuXdQ==",
      "requires": {
        "@tonaljs/core": "^3.5.0"
      }
    },
    "@tonaljs/pcset": {
      "version": "3.5.0",
      "resolved": "https://registry.npmjs.org/@tonaljs/pcset/-/pcset-3.5.0.tgz",
      "integrity": "sha512-nxr+jxvoDTEsJ1zR/pm6xCjC/6I9cXPw6YuFKA9eJgi0fft25fNLxSeNnreaan7gQ+NDI8e6IffHwruc9rlNjw==",
      "requires": {
        "@tonaljs/collection": "^3.5.0",
        "@tonaljs/core": "^3.5.0"
      }
    },
    "@tonaljs/scale-type": {
      "version": "3.5.0",
      "resolved": "https://registry.npmjs.org/@tonaljs/scale-type/-/scale-type-3.5.0.tgz",
      "integrity": "sha512-mfFNH8dGWvfX5mcH0ppFPX1w7a6+Wkn2OKiPBqqKQO/LWaNvcXJIPC/xQBUKw9uRTFg2eDQ9P9Lw2r/CaJ8cLg==",
      "requires": {
        "@tonaljs/core": "^3.5.0",
        "@tonaljs/pcset": "^3.5.0"
      }
    },
    "bootstrap": {
      "version": "4.4.1",
      "resolved": "https://registry.npmjs.org/bootstrap/-/bootstrap-4.4.1.tgz",
      "integrity": "sha512-tbx5cHubwE6e2ZG7nqM3g/FZ5PQEDMWmMGNrCUBVRPHXTJaH7CBDdsLeu3eCh3B1tzAxTnAbtmrzvWEvT2NNEA=="
    },
    "jquery": {
      "version": "3.4.1",
      "resolved": "https://registry.npmjs.org/jquery/-/jquery-3.4.1.tgz",
      "integrity": "sha512-36+AdBzCL+y6qjw5Tx7HgzeGCzC81MDDgaUP8ld2zhx58HdqXGoBd+tHdrBMiyjGQs0Hxs/MLZTu/eHNJJuWPw=="
    },
    "nexusui": {
      "version": "2.0.13",
      "resolved": "https://registry.npmjs.org/nexusui/-/nexusui-2.0.13.tgz",
      "integrity": "sha512-ce/vqJYZF0xzfVZOxvOrhoml1zCj5RK0HRzJr3EK+Y5vn3lKCmE4HZa/DSZ1Q5TRE+ym/vWYalSUZyJudRMLSQ=="
    },
    "popper.js": {
      "version": "1.16.1",
      "resolved": "https://registry.npmjs.org/popper.js/-/popper.js-1.16.1.tgz",
      "integrity": "sha512-Wb4p1J4zyFTbM+u6WuO4XstYx4Ky9Cewe4DWrel7B0w6VVICvPwdOpotjzcf6eD8TsckVnIMNONQyPIUFOUbCQ=="
    },
    "webmidi": {
      "version": "2.5.1",
      "resolved": "https://registry.npmjs.org/webmidi/-/webmidi-2.5.1.tgz",
      "integrity": "sha512-rX9/vBBSnSZR04ZZcLWCe/ujOizH9f/Q9HX11+Zw+HHwOy7edUTbbC3Axc2RjoiDQ2W7RkK1tY4yv0nYSfUcJg=="
    }
  }
}
